
Microsoft Visual Studio Solution File, Format Version 12.00
# Visual Studio 15
VisualStudioVersion = 15.0.27130.2024
MinimumVisualStudioVersion = 10.0.40219.1
Project("{9A19103F-16F7-4668-BE54-9A1E7A4F7556}") = "Mapping", "Mapping\Mapping.csproj", "{28835ADD-05DC-4339-81E9-11782E4202BE}"
EndProject
Project("{FAE04EC0-301F-11D3-BF4B-00C04F79EFBC}") = "DistribuicaoDisciplinas", "DistribuicaoDisciplinas\DistribuicaoDisciplinas.csproj", "{9829592B-8D61-472D-ADC9-80D3C99DACA0}"
EndProject
Project("{FAE04EC0-301F-11D3-BF4B-00C04F79EFBC}") = "Repository", "Repository\Repository.csproj", "{74AE1777-799D-4C50-80E2-0B931735630D}"
EndProject
Global
	GlobalSection(SolutionConfigurationPlatforms) = preSolution
		Debug|Any CPU = Debug|Any CPU
		Release|Any CPU = Release|Any CPU
	EndGlobalSection
	GlobalSection(ProjectConfigurationPlatforms) = postSolution
		{28835ADD-05DC-4339-81E9-11782E4202BE}.Debug|Any CPU.ActiveCfg = Debug|Any CPU
		{28835ADD-05DC-4339-81E9-11782E4202BE}.Debug|Any CPU.Build.0 = Debug|Any CPU
		{28835ADD-05DC-4339-81E9-11782E4202BE}.Release|Any CPU.ActiveCfg = Release|Any CPU
		{28835ADD-05DC-4339-81E9-11782E4202BE}.Release|Any CPU.Build.0 = Release|Any CPU
		{9829592B-8D61-472D-ADC9-80D3C99DACA0}.Debug|Any CPU.ActiveCfg = Debug|Any CPU
		{9829592B-8D61-472D-ADC9-80D3C99DACA0}.Debug|Any CPU.Build.0 = Debug|Any CPU
		{9829592B-8D61-472D-ADC9-80D3C99DACA0}.Release|Any CPU.ActiveCfg = Release|Any CPU
		{9829592B-8D61-472D-ADC9-80D3C99DACA0}.Release|Any CPU.Build.0 = Release|Any CPU
		{74AE1777-799D-4C50-80E2-0B931735630D}.Debug|Any CPU.ActiveCfg = Debug|Any CPU
		{74AE1777-799D-4C50-80E2-0B931735630D}.Debug|Any CPU.Build.0 = Debug|Any CPU
		{74AE1777-799D-4C50-80E2-0B931735630D}.Release|Any CPU.ActiveCfg = Release|Any CPU
		{74AE1777-799D-4C50-80E2-0B931735630D}.Release|Any CPU.Build.0 = Release|Any CPU
	EndGlobalSection
	GlobalSection(SolutionProperties) = preSolution
		HideSolutionNode = FALSE
	EndGlobalSection
	GlobalSection(ExtensibilityGlobals) = postSolution
		SolutionGuid = {64AF333A-4E04-448B-9A97-A3351459566C}
	EndGlobalSection
EndGlobal
